Microsoft Visual Studio Solution File, Format Version 12.00
# Visual Studio Version 17
VisualStudioVersion = 17.0.31903.59
MinimumVisualStudioVersion = 10.0.40219.1
Project("{2150E333-8FDC-42A3-9474-1A3956D46DE8}") = "src", "src", "{4A7C5B2E-5F9D-4E3F-8C1A-9B7E2D3F4A5C}"
EndProject
Project("{2150E333-8FDC-42A3-9474-1A3956D46DE8}") = "tests", "tests", "{5B8D6C3F-6E0E-5F4A-9D2B-0C8F3E4A5B6D}"
EndProject
Project("{FAE04EC0-301F-11D3-BF4B-00C04F79EFBC}") = "DorfkisteBlazor.Domain", "src\DorfkisteBlazor.Domain\DorfkisteBlazor.Domain.csproj", "{6C9E7D4F-7F1F-4E5A-9E3C-1D9A4F5A6C7E}"
EndProject
Project("{FAE04EC0-301F-11D3-BF4B-00C04F79EFBC}") = "DorfkisteBlazor.Application", "src\DorfkisteBlazor.Application\DorfkisteBlazor.Application.csproj", "{7D0F8E5A-8A2A-4B6C-1F4D-2E0A5A6B7D8F}"
EndProject
Project("{FAE04EC0-301F-11D3-BF4B-00C04F79EFBC}") = "DorfkisteBlazor.Infrastructure", "src\DorfkisteBlazor.Infrastructure\DorfkisteBlazor.Infrastructure.csproj", "{8E1A9F6B-9B3B-4C7D-2A5E-3F1B6C7D8E9A}"
EndProject
Project("{FAE04EC0-301F-11D3-BF4B-00C04F79EFBC}") = "DorfkisteBlazor.Server", "src\DorfkisteBlazor.Server\DorfkisteBlazor.Server.csproj", "{9F2B0A7C-0C4C-4D8E-3B6F-4A2C7D8E9F0B}"
EndProject
Project("{FAE04EC0-301F-11D3-BF4B-00C04F79EFBC}") = "DorfkisteBlazor.Domain.Tests", "tests\DorfkisteBlazor.Domain.Tests\DorfkisteBlazor.Domain.Tests.csproj", "{0A3C1B8D-1D5D-4E9F-4C7A-5B3D8E9F0A1C}"
EndProject
Project("{FAE04EC0-301F-11D3-BF4B-00C04F79EFBC}") = "DorfkisteBlazor.Application.Tests", "tests\DorfkisteBlazor.Application.Tests\DorfkisteBlazor.Application.Tests.csproj", "{1B4D2C9E-2E6E-4F0A-5D8B-6C4E9F0A1B2D}"
EndProject
Project("{FAE04EC0-301F-11D3-BF4B-00C04F79EFBC}") = "DorfkisteBlazor.Infrastructure.Tests", "tests\DorfkisteBlazor.Infrastructure.Tests\DorfkisteBlazor.Infrastructure.Tests.csproj", "{2C5E3D0F-3F7F-4A1B-6E9C-7D5F0A1B2C3E}"
EndProject
Global
	GlobalSection(SolutionConfigurationPlatforms) = preSolution
		Debug|Any CPU = Debug|Any CPU
		Release|Any CPU = Release|Any CPU
	EndGlobalSection
	GlobalSection(ProjectConfigurationPlatforms) = postSolution
		{6C9E7D4F-7F1F-4E5A-9E3C-1D9A4F5A6C7E}.Debug|Any CPU.ActiveCfg = Debug|Any CPU
		{6C9E7D4F-7F1F-4E5A-9E3C-1D9A4F5A6C7E}.Debug|Any CPU.Build.0 = Debug|Any CPU
		{6C9E7D4F-7F1F-4E5A-9E3C-1D9A4F5A6C7E}.Release|Any CPU.ActiveCfg = Release|Any CPU
		{6C9E7D4F-7F1F-4E5A-9E3C-1D9A4F5A6C7E}.Release|Any CPU.Build.0 = Release|Any CPU
		{7D0F8E5A-8A2A-4B6C-1F4D-2E0A5A6B7D8F}.Debug|Any CPU.ActiveCfg = Debug|Any CPU
		{7D0F8E5A-8A2A-4B6C-1F4D-2E0A5A6B7D8F}.Debug|Any CPU.Build.0 = Debug|Any CPU
		{7D0F8E5A-8A2A-4B6C-1F4D-2E0A5A6B7D8F}.Release|Any CPU.ActiveCfg = Release|Any CPU
		{7D0F8E5A-8A2A-4B6C-1F4D-2E0A5A6B7D8F}.Release|Any CPU.Build.0 = Release|Any CPU
		{8E1A9F6B-9B3B-4C7D-2A5E-3F1B6C7D8E9A}.Debug|Any CPU.ActiveCfg = Debug|Any CPU
		{8E1A9F6B-9B3B-4C7D-2A5E-3F1B6C7D8E9A}.Debug|Any CPU.Build.0 = Debug|Any CPU
		{8E1A9F6B-9B3B-4C7D-2A5E-3F1B6C7D8E9A}.Release|Any CPU.ActiveCfg = Release|Any CPU
		{8E1A9F6B-9B3B-4C7D-2A5E-3F1B6C7D8E9A}.Release|Any CPU.Build.0 = Release|Any CPU
		{9F2B0A7C-0C4C-4D8E-3B6F-4A2C7D8E9F0B}.Debug|Any CPU.ActiveCfg = Debug|Any CPU
		{9F2B0A7C-0C4C-4D8E-3B6F-4A2C7D8E9F0B}.Debug|Any CPU.Build.0 = Debug|Any CPU
		{9F2B0A7C-0C4C-4D8E-3B6F-4A2C7D8E9F0B}.Release|Any CPU.ActiveCfg = Release|Any CPU
		{9F2B0A7C-0C4C-4D8E-3B6F-4A2C7D8E9F0B}.Release|Any CPU.Build.0 = Release|Any CPU
		{0A3C1B8D-1D5D-4E9F-4C7A-5B3D8E9F0A1C}.Debug|Any CPU.ActiveCfg = Debug|Any CPU
		{0A3C1B8D-1D5D-4E9F-4C7A-5B3D8E9F0A1C}.Debug|Any CPU.Build.0 = Debug|Any CPU
		{0A3C1B8D-1D5D-4E9F-4C7A-5B3D8E9F0A1C}.Release|Any CPU.ActiveCfg = Release|Any CPU
		{0A3C1B8D-1D5D-4E9F-4C7A-5B3D8E9F0A1C}.Release|Any CPU.Build.0 = Release|Any CPU
		{1B4D2C9E-2E6E-4F0A-5D8B-6C4E9F0A1B2D}.Debug|Any CPU.ActiveCfg = Debug|Any CPU
		{1B4D2C9E-2E6E-4F0A-5D8B-6C4E9F0A1B2D}.Debug|Any CPU.Build.0 = Debug|Any CPU
		{1B4D2C9E-2E6E-4F0A-5D8B-6C4E9F0A1B2D}.Release|Any CPU.ActiveCfg = Release|Any CPU
		{1B4D2C9E-2E6E-4F0A-5D8B-6C4E9F0A1B2D}.Release|Any CPU.Build.0 = Release|Any CPU
		{2C5E3D0F-3F7F-4A1B-6E9C-7D5F0A1B2C3E}.Debug|Any CPU.ActiveCfg = Debug|Any CPU
		{2C5E3D0F-3F7F-4A1B-6E9C-7D5F0A1B2C3E}.Debug|Any CPU.Build.0 = Debug|Any CPU
		{2C5E3D0F-3F7F-4A1B-6E9C-7D5F0A1B2C3E}.Release|Any CPU.ActiveCfg = Release|Any CPU
		{2C5E3D0F-3F7F-4A1B-6E9C-7D5F0A1B2C3E}.Release|Any CPU.Build.0 = Release|Any CPU
	EndGlobalSection
	GlobalSection(SolutionProperties) = preSolution
		HideSolutionNode = FALSE
	EndGlobalSection
	GlobalSection(NestedProjects) = preSolution
		{6C9E7D4F-7F1F-4E5A-9E3C-1D9A4F5A6C7E} = {4A7C5B2E-5F9D-4E3F-8C1A-9B7E2D3F4A5C}
		{7D0F8E5A-8A2A-4B6C-1F4D-2E0A5A6B7D8F} = {4A7C5B2E-5F9D-4E3F-8C1A-9B7E2D3F4A5C}
		{8E1A9F6B-9B3B-4C7D-2A5E-3F1B6C7D8E9A} = {4A7C5B2E-5F9D-4E3F-8C1A-9B7E2D3F4A5C}
		{9F2B0A7C-0C4C-4D8E-3B6F-4A2C7D8E9F0B} = {4A7C5B2E-5F9D-4E3F-8C1A-9B7E2D3F4A5C}
		{0A3C1B8D-1D5D-4E9F-4C7A-5B3D8E9F0A1C} = {5B8D6C3F-6E0E-5F4A-9D2B-0C8F3E4A5B6D}
		{1B4D2C9E-2E6E-4F0A-5D8B-6C4E9F0A1B2D} = {5B8D6C3F-6E0E-5F4A-9D2B-0C8F3E4A5B6D}
		{2C5E3D0F-3F7F-4A1B-6E9C-7D5F0A1B2C3E} = {5B8D6C3F-6E0E-5F4A-9D2B-0C8F3E4A5B6D}
	EndGlobalSection
	GlobalSection(ExtensibilityGlobals) = postSolution
		SolutionGuid = {4A7B5C2D-5D9D-4E3F-8C1A-9B7C2D3E4A5C}
	EndGlobalSection
EndGlobal